
Microsoft Visual Studio Solution File, Format Version 12.00
# Visual Studio 2013
VisualStudioVersion = 12.0.21005.1
MinimumVisualStudioVersion = 10.0.40219.1
Project("{8BC9CEB8-8B4A-11D0-8D11-00A0C91BC942}") = "Zadatak9", "Zadatak9\Zadatak9.vcxproj", "{8D55E9F7-9180-494D-B47F-7634C90DEE20}"
EndProject
Global
	GlobalSection(SolutionConfigurationPlatforms) = preSolution
		Debug|Win32 = Debug|Win32
		Release|Win32 = Release|Win32
	EndGlobalSection
	GlobalSection(ProjectConfigurationPlatforms) = postSolution
		{8D55E9F7-9180-494D-B47F-7634C90DEE20}.Debug|Win32.ActiveCfg = Debug|Win32
		{8D55E9F7-9180-494D-B47F-7634C90DEE20}.Debug|Win32.Build.0 = Debug|Win32
		{8D55E9F7-9180-494D-B47F-7634C90DEE20}.Release|Win32.ActiveCfg = Release|Win32
		{8D55E9F7-9180-494D-B47F-7634C90DEE20}.Release|Win32.Build.0 = Release|Win32
	EndGlobalSection
	GlobalSection(SolutionProperties) = preSolution
		HideSolutionNode = FALSE
	EndGlobalSection
EndGlobal
